
Microsoft Visual Studio Solution File, Format Version 12.00
# Visual Studio Version 17
VisualStudioVersion = 17.9.34616.47
MinimumVisualStudioVersion = 10.0.40219.1
Project("{9A19103F-16F7-4668-BE54-9A1E7A4F7556}") = "Concurrent-programming", "Concurrent-programming\Concurrent-programming.csproj", "{C5D1A8B5-0923-4903-B1DA-486BCD5BD43C}"
EndProject
Project("{FAE04EC0-301F-11D3-BF4B-00C04F79EFBC}") = "Concurrent-programming-tests", "Concurrent-programming-tests\Concurrent-programming-tests.csproj", "{89D69125-88B7-4220-871D-8FFE839D661B}"
EndProject
Global
	GlobalSection(SolutionConfigurationPlatforms) = preSolution
		Debug|Any CPU = Debug|Any CPU
		Release|Any CPU = Release|Any CPU
	EndGlobalSection
	GlobalSection(ProjectConfigurationPlatforms) = postSolution
		{C5D1A8B5-0923-4903-B1DA-486BCD5BD43C}.Debug|Any CPU.ActiveCfg = Debug|Any CPU
		{C5D1A8B5-0923-4903-B1DA-486BCD5BD43C}.Debug|Any CPU.Build.0 = Debug|Any CPU
		{C5D1A8B5-0923-4903-B1DA-486BCD5BD43C}.Release|Any CPU.ActiveCfg = Release|Any CPU
		{C5D1A8B5-0923-4903-B1DA-486BCD5BD43C}.Release|Any CPU.Build.0 = Release|Any CPU
		{89D69125-88B7-4220-871D-8FFE839D661B}.Debug|Any CPU.ActiveCfg = Debug|Any CPU
		{89D69125-88B7-4220-871D-8FFE839D661B}.Debug|Any CPU.Build.0 = Debug|Any CPU
		{89D69125-88B7-4220-871D-8FFE839D661B}.Release|Any CPU.ActiveCfg = Release|Any CPU
		{89D69125-88B7-4220-871D-8FFE839D661B}.Release|Any CPU.Build.0 = Release|Any CPU
	EndGlobalSection
	GlobalSection(SolutionProperties) = preSolution
		HideSolutionNode = FALSE
	EndGlobalSection
	GlobalSection(ExtensibilityGlobals) = postSolution
		SolutionGuid = {9AB1BEB9-7DDD-466A-B00F-A19065F30F82}
	EndGlobalSection
EndGlobal
